// !$*UTF8*$!
{
	archiveVersion = 1;
	classes = {
	};
	objectVersion = 46;
	objects = {

/* Begin PBXBuildFile section */
		9A8DABCC2142850E004ECB83 /* AppDelegate.swift in Sources */ = {isa = PBXBuildFile; fileRef = 9A8DABCB2142850E004ECB83 /* AppDelegate.swift */; };
		9A8DABCE2142850E004ECB83 /* ViewController.swift in Sources */ = {isa = PBXBuildFile; fileRef = 9A8DABCD2142850E004ECB83 /* ViewController.swift */; };
		9A8DABD12142850E004ECB83 /* Main.storyboard in Resources */ = {isa = PBXBuildFile; fileRef = 9A8DABCF2142850E004ECB83 /* Main.storyboard */; };
		9A8DABD32142850E004ECB83 /* Assets.xcassets in Resources */ = {isa = PBXBuildFile; fileRef = 9A8DABD22142850E004ECB83 /* Assets.xcassets */; };
		9A8DABD62142850E004ECB83 /* LaunchScreen.storyboard in Resources */ = {isa = PBXBuildFile; fileRef = 9A8DABD42142850E004ECB83 /* LaunchScreen.storyboard */; };
/* End PBXBuildFile section */

/* Begin PBXFileReference section */
		9A8DABC82142850E004ECB83 /* Delegate Protocol App.app */ = {isa = PBXFileReference; explicitFileType = wrapper.application; includeInIndex = 0; path = "Delegate Protocol App.app"; sourceTree = BUILT_PRODUCTS_DIR; };
		9A8DABCB2142850E004ECB83 /* AppDelegate.swift */ = {isa = PBXFileReference; lastKnownFileType = sourcecode.swift; path = AppDelegate.swift; sourceTree = "<group>"; };
		9A8DABCD2142850E004ECB83 /* ViewController.swift */ = {isa = PBXFileReference; lastKnownFileType = sourcecode.swift; path = ViewController.swift; sourceTree = "<group>"; };
		9A8DABD02142850E004ECB83 /* Base */ = {isa = PBXFileReference; lastKnownFileType = file.storyboard; name = Base; path = Base.lproj/Main.storyboard; sourceTree = "<group>"; };
		9A8DABD22142850E004ECB83 /* Assets.xcassets */ = {isa = PBXFileReference; lastKnownFileType = folder.assetcatalog; path = Assets.xcassets; sourceTree = "<group>"; };
		9A8DABD52142850E004ECB83 /* Base */ = {isa = PBXFileReference; lastKnownFileType = file.storyboard; name = Base; path = Base.lproj/LaunchScreen.storyboard; sourceTree = "<group>"; };
		9A8DABD72142850E004ECB83 /* Info.plist */ = {isa = PBXFileReference; lastKnownFileType = text.plist.xml; path = Info.plist; sourceTree = "<group>"; };
/* End PBXFileReference section */

/* Begin PBXFrameworksBuildPhase section */
		9A8DABC52142850E004ECB83 /* Frameworks */ = {
			isa = PBXFrameworksBuildPhase;
			buildActionMask = 2147483647;
			files = (
			);
			runOnlyForDeploymentPostprocessing = 0;
		};
/* End PBXFrameworksBuildPhase section */

/* Begin PBXGroup section */
		9A8DABBF2142850E004ECB83 = {
			isa = PBXGroup;
			children = (
				9A8DABCA2142850E004ECB83 /* Delegate Protocol App */,
				9A8DABC92142850E004ECB83 /* Products */,
			);
			sourceTree = "<group>";
		};
		9A8DABC92142850E004ECB83 /* Products */ = {
			isa = PBXGroup;
			children = (
				9A8DABC82142850E004ECB83 /* Delegate Protocol App.app */,
			);
			name = Products;
			sourceTree = "<group>";
		};
		9A8DABCA2142850E004ECB83 /* Delegate Protocol App */ = {
			isa = PBXGroup;
			children = (
				9A8DABCB2142850E004ECB83 /* AppDelegate.swift */,
				9A8DABCD2142850E004ECB83 /* ViewController.swift */,
				9A8DABCF2142850E004ECB83 /* Main.storyboard */,
				9A8DABD22142850E004ECB83 /* Assets.xcassets */,
				9A8DABD42142850E004ECB83 /* LaunchScreen.storyboard */,
				9A8DABD72142850E004ECB83 /* Info.plist */,
			);
			path = "Delegate Protocol App";
			sourceTree = "<group>";
		};
/* End PBXGroup section */

/* Begin PBXNativeTarget section */
		9A8DABC72142850E004ECB83 /* Delegate Protocol App */ = {
			isa = PBXNativeTarget;
			buildConfigurationList = 9A8DABDA2142850E004ECB83 /* Build configuration list for PBXNativeTarget "Delegate Protocol App" */;
			buildPhases = (
				9A8DABC42142850E004ECB83 /* Sources */,
				9A8DABC52142850E004ECB83 /* Frameworks */,
				9A8DABC62142850E004ECB83 /* Resources */,
			);
			buildRules = (
			);
			dependencies = (
			);
			name = "Delegate Protocol App";
			productName = "Delegate Protocol App";
			productReference = 9A8DABC82142850E004ECB83 /* Delegate Protocol App.app */;
			productType = "com.apple.product-type.application";
		};
/* End PBXNativeTarget section */

/* Begin PBXProject section */
		9A8DABC02142850E004ECB83 /* Project object */ = {
			isa = PBXProject;
			attributes = {
				LastSwiftUpdateCheck = 0730;
				LastUpgradeCheck = 0730;
				ORGANIZATIONNAME = com.omgmk;
				TargetAttributes = {
					9A8DABC72142850E004ECB83 = {
						CreatedOnToolsVersion = 7.3.1;
					};
				};
			};
			buildConfigurationList = 9A8DABC32142850E004ECB83 /* Build configuration list for PBXProject "Delegate Protocol App" */;
			compatibilityVersion = "Xcode 3.2";
			developmentRegion = English;
			hasScannedForEncodings = 0;
			knownRegions = (
				en,
				Base,
			);
			mainGroup = 9A8DABBF2142850E004ECB83;
			productRefGroup = 9A8DABC92142850E004ECB83 /* Products */;
			projectDirPath = "";
			projectRoot = "";
			targets = (
				9A8DABC72142850E004ECB83 /* Delegate Protocol App */,
			);
		};
/* End PBXProject section */

/* Begin PBXResourcesBuildPhase section */
		9A8DABC62142850E004ECB83 /* Resources */ = {
			isa = PBXResourcesBuildPhase;
			buildActionMask = 2147483647;
			files = (
				9A8DABD62142850E004ECB83 /* LaunchScreen.storyboard in Resources */,
				9A8DABD32142850E004ECB83 /* Assets.xcassets in Resources */,
				9A8DABD12142850E004ECB83 /* Main.storyboard in Resources */,
			);
			runOnlyForDeploymentPostprocessing = 0;
		};
/* End PBXResourcesBuildPhase section */

/* Begin PBXSourcesBuildPhase section */
		9A8DABC42142850E004ECB83 /* Sources */ = {
			isa = PBXSourcesBuildPhase;
			buildActionMask = 2147483647;
			files = (
				9A8DABCE2142850E004ECB83 /* ViewController.swift in Sources */,
				9A8DABCC2142850E004ECB83 /* AppDelegate.swift in Sources */,
			);
			runOnlyForDeploymentPostprocessing = 0;
		};
/* End PBXSourcesBuildPhase section */

/* Begin PBXVariantGroup section */
		9A8DABCF2142850E004ECB83 /* Main.storyboard */ = {
			isa = PBXVariantGroup;
			children = (
				9A8DABD02142850E004ECB83 /* Base */,
			);
			name = Main.storyboard;
			sourceTree = "<group>";
		};
		9A8DABD42142850E004ECB83 /* LaunchScreen.storyboard */ = {
			isa = PBXVariantGroup;
			children = (
				9A8DABD52142850E004ECB83 /* Base */,
			);
			name = LaunchScreen.storyboard;
			sourceTree = "<group>";
		};
/* End PBXVariantGroup section */

/* Begin XCBuildConfiguration section */
		9A8DABD82142850E004ECB83 /* Debug */ = {
			isa = XCBuildConfiguration;
			buildSettings = {
				ALWAYS_SEARCH_USER_PATHS = NO;
				CLANG_ANALYZER_NONNULL = YES;
				CLANG_CXX_LANGUAGE_STANDARD = "gnu++0x";
				CLANG_CXX_LIBRARY = "libc++";
				CLANG_ENABLE_MODULES = YES;
				CLANG_ENABLE_OBJC_ARC = YES;
				CLANG_WARN_BOOL_CONVERSION = YES;
				CLANG_WARN_CONSTANT_CONVERSION = YES;
				CLANG_WARN_DIRECT_OBJC_ISA_USAGE = YES_ERROR;
				CLANG_WARN_EMPTY_BODY = YES;
				CLANG_WARN_ENUM_CONVERSION = YES;
				CLANG_WARN_INT_CONVERSION = YES;
				CLANG_WARN_OBJC_ROOT_CLASS = YES_ERROR;
				CLANG_WARN_UNREACHABLE_CODE = YES;
				CLANG_WARN__DUPLICATE_METHOD_MATCH = YES;
				"CODE_SIGN_IDENTITY[sdk=iphoneos*]" = "iPhone Developer";
				COPY_PHASE_STRIP = NO;
				DEBUG_INFORMATION_FORMAT = dwarf;
				ENABLE_STRICT_OBJC_MSGSEND = YES;
				ENABLE_TESTABILITY = YES;
				GCC_C_LANGUAGE_STANDARD = gnu99;
				GCC_DYNAMIC_NO_PIC = NO;
				GCC_NO_COMMON_BLOCKS = YES;
				GCC_OPTIMIZATION_LEVEL = 0;
				GCC_PREPROCESSOR_DEFINITIONS = (
					"DEBUG=1",
					"$(inherited)",
				);
				GCC_WARN_64_TO_32_BIT_CONVERSION = YES;
				GCC_WARN_ABOUT_RETURN_TYPE = YES_ERROR;
				GCC_WARN_UNDECLARED_SELECTOR = YES;
				GCC_WARN_UNINITIALIZED_AUTOS = YES_AGGRESSIVE;
				GCC_WARN_UNUSED_FUNCTION = YES;
				GCC_WARN_UNUSED_VARIABLE = YES;
				IPHONEOS_DEPLOYMENT_TARGET = 9.3;
				MTL_ENABLE_DEBUG_INFO = YES;
				ONLY_ACTIVE_ARCH = YES;
				SDKROOT = iphoneos;
				SWIFT_OPTIMIZATION_LEVEL = "-Onone";
				TARGETED_DEVICE_FAMILY = "1,2";
			};
			name = Debug;
		};
		9A8DABD92142850E004ECB83 /* Release */ = {
			isa = XCBuildConfiguration;
			buildSettings = {
				ALWAYS_SEARCH_USER_PATHS = NO;
				CLANG_ANALYZER_NONNULL = YES;
				CLANG_CXX_LANGUAGE_STANDARD = "gnu++0x";
				CLANG_CXX_LIBRARY = "libc++";
				CLANG_ENABLE_MODULES = YES;
				CLANG_ENABLE_OBJC_ARC = YES;
				CLANG_WARN_BOOL_CONVERSION = YES;
				CLANG_WARN_CONSTANT_CONVERSION = YES;
				CLANG_WARN_DIRECT_OBJC_ISA_USAGE = YES_ERROR;
				CLANG_WARN_EMPTY_BODY = YES;
				CLANG_WARN_ENUM_CONVERSION = YES;
				CLANG_WARN_INT_CONVERSION = YES;
				CLANG_WARN_OBJC_ROOT_CLASS = YES_ERROR;
				CLANG_WARN_UNREACHABLE_CODE = YES;
				CLANG_WARN__DUPLICATE_METHOD_MATCH = YES;
				"CODE_SIGN_IDENTITY[sdk=iphoneos*]" = "iPhone Developer";
				COPY_PHASE_STRIP = NO;
				DEBUG_INFORMATION_FORMAT = "dwarf-with-dsym";
				ENABLE_NS_ASSERTIONS = NO;
				ENABLE_STRICT_OBJC_MSGSEND = YES;
				GCC_C_LANGUAGE_STANDARD = gnu99;
				GCC_NO_COMMON_BLOCKS = YES;
				GCC_WARN_64_TO_32_BIT_CONVERSION = YES;
				GCC_WARN_ABOUT_RETURN_TYPE = YES_ERROR;
				GCC_WARN_UNDECLARED_SELECTOR = YES;
				GCC_WARN_UNINITIALIZED_AUTOS = YES_AGGRESSIVE;
				GCC_WARN_UNUSED_FUNCTION = YES;
				GCC_WARN_UNUSED_VARIABLE = YES;
				IPHONEOS_DEPLOYMENT_TARGET = 9.3;
				MTL_ENABLE_DEBUG_INFO = NO;
				SDKROOT = iphoneos;
				TARGETED_DEVICE_FAMILY = "1,2";
				VALIDATE_PRODUCT = YES;
			};
			name = Release;
		};
		9A8DABDB2142850E004ECB83 /* Debug */ = {
			isa = XCBuildConfiguration;
			buildSettings = {
				ASSETCATALOG_COMPILER_APPICON_NAME = AppIcon;
				INFOPLIST_FILE = "Delegate Protocol App/Info.plist";
				LD_RUNPATH_SEARCH_PATHS = "$(inherited) @executable_path/Frameworks";
				PRODUCT_BUNDLE_IDENTIFIER = "com.noob.Delegate-Protocol-App";
				PRODUCT_NAME = "$(TARGET_NAME)";
			};
			name = Debug;
		};
		9A8DABDC2142850E004ECB83 /* Release */ = {
			isa = XCBuildConfiguration;
			buildSettings = {
				ASSETCATALOG_COMPILER_APPICON_NAME = AppIcon;
				INFOPLIST_FILE = "Delegate Protocol App/Info.plist";
				LD_RUNPATH_SEARCH_PATHS = "$(inherited) @executable_path/Frameworks";
				PRODUCT_BUNDLE_IDENTIFIER = "com.noob.Delegate-Protocol-App";
				PRODUCT_NAME = "$(TARGET_NAME)";
			};
			name = Release;
		};
/* End XCBuildConfiguration section */

/* Begin XCConfigurationList section */
		9A8DABC32142850E004ECB83 /* Build configuration list for PBXProject "Delegate Protocol App" */ = {
			isa = XCConfigurationList;
			buildConfigurations = (
				9A8DABD82142850E004ECB83 /* Debug */,
				9A8DABD92142850E004ECB83 /* Release */,
			);
			defaultConfigurationIsVisible = 0;
			defaultConfigurationName = Release;
		};
		9A8DABDA2142850E004ECB83 /* Build configuration list for PBXNativeTarget "Delegate Protocol App" */ = {
			isa = XCConfigurationList;
			buildConfigurations = (
				9A8DABDB2142850E004ECB83 /* Debug */,
				9A8DABDC2142850E004ECB83 /* Release */,
			);
			defaultConfigurationIsVisible = 0;
		};
/* End XCConfigurationList section */
	};
	rootObject = 9A8DABC02142850E004ECB83 /* Project object */;
}
